
Microsoft Visual Studio Solution File, Format Version 12.00
# Visual Studio 14
VisualStudioVersion = 14.0.25420.1
MinimumVisualStudioVersion = 10.0.40219.1
Project("{FAE04EC0-301F-11D3-BF4B-00C04F79EFBC}") = "EsMo.Android.WeiBo", "EsMo.Android.WeiBo\EsMo.Android.WeiBo.csproj", "{7E58FE4A-5268-4A4D-B7B8-55CE1684903D}"
EndProject
Project("{FAE04EC0-301F-11D3-BF4B-00C04F79EFBC}") = "EsMo.Android.Support", "EsMo.Android.Support\EsMo.Android.Support.csproj", "{001A5B71-150D-4BC5-94C8-B0270A95AE29}"
EndProject
Project("{FAE04EC0-301F-11D3-BF4B-00C04F79EFBC}") = "EsMo.Common", "EsMo.Common\EsMo.Common.csproj", "{2ACC3355-C4FE-41F8-9EF1-58692A500631}"
EndProject
Project("{FAE04EC0-301F-11D3-BF4B-00C04F79EFBC}") = "EsMo.Core", "EsMo.Extension\EsMo.Core.csproj", "{ACD8EA2F-2DAD-4401-A04A-80ECC6EF75A7}"
EndProject
Project("{FAE04EC0-301F-11D3-BF4B-00C04F79EFBC}") = "EsMo.Sina.Model", "SinaModel\EsMo.Sina.Model.csproj", "{67F9D3A8-F71E-4428-913F-C37AE82CDB24}"
EndProject
Project("{2150E333-8FDC-42A3-9474-1A3956D46DE8}") = "Source", "Source", "{06DB3D64-D136-43CE-90E6-C4AD5D8CA90B}"
EndProject
Project("{FAE04EC0-301F-11D3-BF4B-00C04F79EFBC}") = "EsMo.Sina.SDK", "EsMo.Sina.SDK\EsMo.Sina.SDK.csproj", "{FD8CF5BE-D1D5-4B76-A797-28AC6F06C837}"
EndProject
Project("{FAE04EC0-301F-11D3-BF4B-00C04F79EFBC}") = "EsMo.iOS.WeiBo", "EsMo.iOS.WeiBo\EsMo.iOS.WeiBo.csproj", "{38C25BCF-655C-423C-B85C-216CA0C56FEF}"
EndProject
Project("{2150E333-8FDC-42A3-9474-1A3956D46DE8}") = "EsMo", "EsMo", "{B44C4A58-45E7-4F9B-8A26-34CAB571A1FC}"
EndProject
Project("{2150E333-8FDC-42A3-9474-1A3956D46DE8}") = "Sina", "Sina", "{2B9AEB65-6D8C-41A7-BADC-5474B0B7CA7B}"
EndProject
Project("{2150E333-8FDC-42A3-9474-1A3956D46DE8}") = "Platform", "Platform", "{CB1C5900-68E3-460D-9C33-7AB82844377B}"
EndProject
Project("{2150E333-8FDC-42A3-9474-1A3956D46DE8}") = "Android", "Android", "{153B722A-B3BD-442C-8B82-89D0F57A3AE8}"
EndProject
Project("{FAE04EC0-301F-11D3-BF4B-00C04F79EFBC}") = "EsMo.iOS.Support", "EsMo.iOS.Support\EsMo.iOS.Support.csproj", "{C5C6BCEE-6644-4382-9A00-4312452D4683}"
EndProject
Project("{2150E333-8FDC-42A3-9474-1A3956D46DE8}") = "iOS", "iOS", "{670C1768-8591-4684-B2E2-067A5D17451C}"
EndProject
Project("{2150E333-8FDC-42A3-9474-1A3956D46DE8}") = "Test", "Test", "{EB9C3D83-CE66-4522-8CC6-199F8D646FE6}"
EndProject
Project("{FAE04EC0-301F-11D3-BF4B-00C04F79EFBC}") = "EsMo.MvvmCross.Support", "EsMo.MvvmCross.Support\EsMo.MvvmCross.Support.csproj", "{AE550252-98A8-4F5B-8D3C-AC2DACE69EC9}"
EndProject
Project("{FAE04EC0-301F-11D3-BF4B-00C04F79EFBC}") = "EsMo.MvvmCross.iOS.Support", "EsMo.MvvmCross.iOS.Support\EsMo.MvvmCross.iOS.Support.csproj", "{EE91E684-7ACB-4120-BF46-8F56599D5B3F}"
EndProject
Global
	GlobalSection(SolutionConfigurationPlatforms) = preSolution
		Ad-Hoc|Any CPU = Ad-Hoc|Any CPU
		Ad-Hoc|iPhone = Ad-Hoc|iPhone
		Ad-Hoc|iPhoneSimulator = Ad-Hoc|iPhoneSimulator
		AppStore|Any CPU = AppStore|Any CPU
		AppStore|iPhone = AppStore|iPhone
		AppStore|iPhoneSimulator = AppStore|iPhoneSimulator
		Debug|Any CPU = Debug|Any CPU
		Debug|iPhone = Debug|iPhone
		Debug|iPhoneSimulator = Debug|iPhoneSimulator
		Release|Any CPU = Release|Any CPU
		Release|iPhone = Release|iPhone
		Release|iPhoneSimulator = Release|iPhoneSimulator
	EndGlobalSection
	GlobalSection(ProjectConfigurationPlatforms) = postSolution
		{7E58FE4A-5268-4A4D-B7B8-55CE1684903D}.Ad-Hoc|Any CPU.ActiveCfg = Release|Any CPU
		{7E58FE4A-5268-4A4D-B7B8-55CE1684903D}.Ad-Hoc|Any CPU.Build.0 = Release|Any CPU
		{7E58FE4A-5268-4A4D-B7B8-55CE1684903D}.Ad-Hoc|Any CPU.Deploy.0 = Release|Any CPU
		{7E58FE4A-5268-4A4D-B7B8-55CE1684903D}.Ad-Hoc|iPhone.ActiveCfg = Release|Any CPU
		{7E58FE4A-5268-4A4D-B7B8-55CE1684903D}.Ad-Hoc|iPhone.Build.0 = Release|Any CPU
		{7E58FE4A-5268-4A4D-B7B8-55CE1684903D}.Ad-Hoc|iPhone.Deploy.0 = Release|Any CPU
		{7E58FE4A-5268-4A4D-B7B8-55CE1684903D}.Ad-Hoc|iPhoneSimulator.ActiveCfg = Release|Any CPU
		{7E58FE4A-5268-4A4D-B7B8-55CE1684903D}.Ad-Hoc|iPhoneSimulator.Build.0 = Release|Any CPU
		{7E58FE4A-5268-4A4D-B7B8-55CE1684903D}.Ad-Hoc|iPhoneSimulator.Deploy.0 = Release|Any CPU
		{7E58FE4A-5268-4A4D-B7B8-55CE1684903D}.AppStore|Any CPU.ActiveCfg = Release|Any CPU
		{7E58FE4A-5268-4A4D-B7B8-55CE1684903D}.AppStore|Any CPU.Build.0 = Release|Any CPU
		{7E58FE4A-5268-4A4D-B7B8-55CE1684903D}.AppStore|Any CPU.Deploy.0 = Release|Any CPU
		{7E58FE4A-5268-4A4D-B7B8-55CE1684903D}.AppStore|iPhone.ActiveCfg = Release|Any CPU
		{7E58FE4A-5268-4A4D-B7B8-55CE1684903D}.AppStore|iPhone.Build.0 = Release|Any CPU
		{7E58FE4A-5268-4A4D-B7B8-55CE1684903D}.AppStore|iPhone.Deploy.0 = Release|Any CPU
		{7E58FE4A-5268-4A4D-B7B8-55CE1684903D}.AppStore|iPhoneSimulator.ActiveCfg = Release|Any CPU
		{7E58FE4A-5268-4A4D-B7B8-55CE1684903D}.AppStore|iPhoneSimulator.Build.0 = Release|Any CPU
		{7E58FE4A-5268-4A4D-B7B8-55CE1684903D}.AppStore|iPhoneSimulator.Deploy.0 = Release|Any CPU
		{7E58FE4A-5268-4A4D-B7B8-55CE1684903D}.Debug|Any CPU.ActiveCfg = Debug|Any CPU
		{7E58FE4A-5268-4A4D-B7B8-55CE1684903D}.Debug|Any CPU.Build.0 = Debug|Any CPU
		{7E58FE4A-5268-4A4D-B7B8-55CE1684903D}.Debug|Any CPU.Deploy.0 = Debug|Any CPU
		{7E58FE4A-5268-4A4D-B7B8-55CE1684903D}.Debug|iPhone.ActiveCfg = Debug|Any CPU
		{7E58FE4A-5268-4A4D-B7B8-55CE1684903D}.Debug|iPhone.Build.0 = Debug|Any CPU
		{7E58FE4A-5268-4A4D-B7B8-55CE1684903D}.Debug|iPhone.Deploy.0 = Debug|Any CPU
		{7E58FE4A-5268-4A4D-B7B8-55CE1684903D}.Debug|iPhoneSimulator.ActiveCfg = Debug|Any CPU
		{7E58FE4A-5268-4A4D-B7B8-55CE1684903D}.Debug|iPhoneSimulator.Build.0 = Debug|Any CPU
		{7E58FE4A-5268-4A4D-B7B8-55CE1684903D}.Debug|iPhoneSimulator.Deploy.0 = Debug|Any CPU
		{7E58FE4A-5268-4A4D-B7B8-55CE1684903D}.Release|Any CPU.ActiveCfg = Release|Any CPU
		{7E58FE4A-5268-4A4D-B7B8-55CE1684903D}.Release|Any CPU.Build.0 = Release|Any CPU
		{7E58FE4A-5268-4A4D-B7B8-55CE1684903D}.Release|Any CPU.Deploy.0 = Release|Any CPU
		{7E58FE4A-5268-4A4D-B7B8-55CE1684903D}.Release|iPhone.ActiveCfg = Release|Any CPU
		{7E58FE4A-5268-4A4D-B7B8-55CE1684903D}.Release|iPhone.Build.0 = Release|Any CPU
		{7E58FE4A-5268-4A4D-B7B8-55CE1684903D}.Release|iPhone.Deploy.0 = Release|Any CPU
		{7E58FE4A-5268-4A4D-B7B8-55CE1684903D}.Release|iPhoneSimulator.ActiveCfg = Release|Any CPU
		{7E58FE4A-5268-4A4D-B7B8-55CE1684903D}.Release|iPhoneSimulator.Build.0 = Release|Any CPU
		{7E58FE4A-5268-4A4D-B7B8-55CE1684903D}.Release|iPhoneSimulator.Deploy.0 = Release|Any CPU
		{001A5B71-150D-4BC5-94C8-B0270A95AE29}.Ad-Hoc|Any CPU.ActiveCfg = Release|Any CPU
		{001A5B71-150D-4BC5-94C8-B0270A95AE29}.Ad-Hoc|Any CPU.Build.0 = Release|Any CPU
		{001A5B71-150D-4BC5-94C8-B0270A95AE29}.Ad-Hoc|iPhone.ActiveCfg = Release|Any CPU
		{001A5B71-150D-4BC5-94C8-B0270A95AE29}.Ad-Hoc|iPhone.Build.0 = Release|Any CPU
		{001A5B71-150D-4BC5-94C8-B0270A95AE29}.Ad-Hoc|iPhoneSimulator.ActiveCfg = Release|Any CPU
		{001A5B71-150D-4BC5-94C8-B0270A95AE29}.Ad-Hoc|iPhoneSimulator.Build.0 = Release|Any CPU
		{001A5B71-150D-4BC5-94C8-B0270A95AE29}.AppStore|Any CPU.ActiveCfg = Release|Any CPU
		{001A5B71-150D-4BC5-94C8-B0270A95AE29}.AppStore|Any CPU.Build.0 = Release|Any CPU
		{001A5B71-150D-4BC5-94C8-B0270A95AE29}.AppStore|iPhone.ActiveCfg = Release|Any CPU
		{001A5B71-150D-4BC5-94C8-B0270A95AE29}.AppStore|iPhone.Build.0 = Release|Any CPU
		{001A5B71-150D-4BC5-94C8-B0270A95AE29}.AppStore|iPhoneSimulator.ActiveCfg = Release|Any CPU
		{001A5B71-150D-4BC5-94C8-B0270A95AE29}.AppStore|iPhoneSimulator.Build.0 = Release|Any CPU
		{001A5B71-150D-4BC5-94C8-B0270A95AE29}.Debug|Any CPU.ActiveCfg = Debug|Any CPU
		{001A5B71-150D-4BC5-94C8-B0270A95AE29}.Debug|Any CPU.Build.0 = Debug|Any CPU
		{001A5B71-150D-4BC5-94C8-B0270A95AE29}.Debug|iPhone.ActiveCfg = Debug|Any CPU
		{001A5B71-150D-4BC5-94C8-B0270A95AE29}.Debug|iPhone.Build.0 = Debug|Any CPU
		{001A5B71-150D-4BC5-94C8-B0270A95AE29}.Debug|iPhoneSimulator.ActiveCfg = Debug|Any CPU
		{001A5B71-150D-4BC5-94C8-B0270A95AE29}.Debug|iPhoneSimulator.Build.0 = Debug|Any CPU
		{001A5B71-150D-4BC5-94C8-B0270A95AE29}.Release|Any CPU.ActiveCfg = Release|Any CPU
		{001A5B71-150D-4BC5-94C8-B0270A95AE29}.Release|Any CPU.Build.0 = Release|Any CPU
		{001A5B71-150D-4BC5-94C8-B0270A95AE29}.Release|iPhone.ActiveCfg = Release|Any CPU
		{001A5B71-150D-4BC5-94C8-B0270A95AE29}.Release|iPhone.Build.0 = Release|Any CPU
		{001A5B71-150D-4BC5-94C8-B0270A95AE29}.Release|iPhoneSimulator.ActiveCfg = Release|Any CPU
		{001A5B71-150D-4BC5-94C8-B0270A95AE29}.Release|iPhoneSimulator.Build.0 = Release|Any CPU
		{2ACC3355-C4FE-41F8-9EF1-58692A500631}.Ad-Hoc|Any CPU.ActiveCfg = Release|Any CPU
		{2ACC3355-C4FE-41F8-9EF1-58692A500631}.Ad-Hoc|Any CPU.Build.0 = Release|Any CPU
		{2ACC3355-C4FE-41F8-9EF1-58692A500631}.Ad-Hoc|iPhone.ActiveCfg = Release|Any CPU
		{2ACC3355-C4FE-41F8-9EF1-58692A500631}.Ad-Hoc|iPhone.Build.0 = Release|Any CPU
		{2ACC3355-C4FE-41F8-9EF1-58692A500631}.Ad-Hoc|iPhoneSimulator.ActiveCfg = Release|Any CPU
		{2ACC3355-C4FE-41F8-9EF1-58692A500631}.Ad-Hoc|iPhoneSimulator.Build.0 = Release|Any CPU
		{2ACC3355-C4FE-41F8-9EF1-58692A500631}.AppStore|Any CPU.ActiveCfg = Release|Any CPU
		{2ACC3355-C4FE-41F8-9EF1-58692A500631}.AppStore|Any CPU.Build.0 = Release|Any CPU
		{2ACC3355-C4FE-41F8-9EF1-58692A500631}.AppStore|iPhone.ActiveCfg = Release|Any CPU
		{2ACC3355-C4FE-41F8-9EF1-58692A500631}.AppStore|iPhone.Build.0 = Release|Any CPU
		{2ACC3355-C4FE-41F8-9EF1-58692A500631}.AppStore|iPhoneSimulator.ActiveCfg = Release|Any CPU
		{2ACC3355-C4FE-41F8-9EF1-58692A500631}.AppStore|iPhoneSimulator.Build.0 = Release|Any CPU
		{2ACC3355-C4FE-41F8-9EF1-58692A500631}.Debug|Any CPU.ActiveCfg = Debug|Any CPU
		{2ACC3355-C4FE-41F8-9EF1-58692A500631}.Debug|Any CPU.Build.0 = Debug|Any CPU
		{2ACC3355-C4FE-41F8-9EF1-58692A500631}.Debug|iPhone.ActiveCfg = Debug|Any CPU
		{2ACC3355-C4FE-41F8-9EF1-58692A500631}.Debug|iPhone.Build.0 = Debug|Any CPU
		{2ACC3355-C4FE-41F8-9EF1-58692A500631}.Debug|iPhoneSimulator.ActiveCfg = Debug|Any CPU
		{2ACC3355-C4FE-41F8-9EF1-58692A500631}.Debug|iPhoneSimulator.Build.0 = Debug|Any CPU
		{2ACC3355-C4FE-41F8-9EF1-58692A500631}.Release|Any CPU.ActiveCfg = Release|Any CPU
		{2ACC3355-C4FE-41F8-9EF1-58692A500631}.Release|Any CPU.Build.0 = Release|Any CPU
		{2ACC3355-C4FE-41F8-9EF1-58692A500631}.Release|iPhone.ActiveCfg = Release|Any CPU
		{2ACC3355-C4FE-41F8-9EF1-58692A500631}.Release|iPhone.Build.0 = Release|Any CPU
		{2ACC3355-C4FE-41F8-9EF1-58692A500631}.Release|iPhoneSimulator.ActiveCfg = Release|Any CPU
		{2ACC3355-C4FE-41F8-9EF1-58692A500631}.Release|iPhoneSimulator.Build.0 = Release|Any CPU
		{ACD8EA2F-2DAD-4401-A04A-80ECC6EF75A7}.Ad-Hoc|Any CPU.ActiveCfg = Release|Any CPU
		{ACD8EA2F-2DAD-4401-A04A-80ECC6EF75A7}.Ad-Hoc|Any CPU.Build.0 = Release|Any CPU
		{ACD8EA2F-2DAD-4401-A04A-80ECC6EF75A7}.Ad-Hoc|iPhone.ActiveCfg = Release|Any CPU
		{ACD8EA2F-2DAD-4401-A04A-80ECC6EF75A7}.Ad-Hoc|iPhone.Build.0 = Release|Any CPU
		{ACD8EA2F-2DAD-4401-A04A-80ECC6EF75A7}.Ad-Hoc|iPhoneSimulator.ActiveCfg = Release|Any CPU
		{ACD8EA2F-2DAD-4401-A04A-80ECC6EF75A7}.Ad-Hoc|iPhoneSimulator.Build.0 = Release|Any CPU
		{ACD8EA2F-2DAD-4401-A04A-80ECC6EF75A7}.AppStore|Any CPU.ActiveCfg = Release|Any CPU
		{ACD8EA2F-2DAD-4401-A04A-80ECC6EF75A7}.AppStore|Any CPU.Build.0 = Release|Any CPU
		{ACD8EA2F-2DAD-4401-A04A-80ECC6EF75A7}.AppStore|iPhone.ActiveCfg = Release|Any CPU
		{ACD8EA2F-2DAD-4401-A04A-80ECC6EF75A7}.AppStore|iPhone.Build.0 = Release|Any CPU
		{ACD8EA2F-2DAD-4401-A04A-80ECC6EF75A7}.AppStore|iPhoneSimulator.ActiveCfg = Release|Any CPU
		{ACD8EA2F-2DAD-4401-A04A-80ECC6EF75A7}.AppStore|iPhoneSimulator.Build.0 = Release|Any CPU
		{ACD8EA2F-2DAD-4401-A04A-80ECC6EF75A7}.Debug|Any CPU.ActiveCfg = Debug|Any CPU
		{ACD8EA2F-2DAD-4401-A04A-80ECC6EF75A7}.Debug|Any CPU.Build.0 = Debug|Any CPU
		{ACD8EA2F-2DAD-4401-A04A-80ECC6EF75A7}.Debug|iPhone.ActiveCfg = Debug|Any CPU
		{ACD8EA2F-2DAD-4401-A04A-80ECC6EF75A7}.Debug|iPhone.Build.0 = Debug|Any CPU
		{ACD8EA2F-2DAD-4401-A04A-80ECC6EF75A7}.Debug|iPhoneSimulator.ActiveCfg = Debug|Any CPU
		{ACD8EA2F-2DAD-4401-A04A-80ECC6EF75A7}.Debug|iPhoneSimulator.Build.0 = Debug|Any CPU
		{ACD8EA2F-2DAD-4401-A04A-80ECC6EF75A7}.Release|Any CPU.ActiveCfg = Release|Any CPU
		{ACD8EA2F-2DAD-4401-A04A-80ECC6EF75A7}.Release|Any CPU.Build.0 = Release|Any CPU
		{ACD8EA2F-2DAD-4401-A04A-80ECC6EF75A7}.Release|iPhone.ActiveCfg = Release|Any CPU
		{ACD8EA2F-2DAD-4401-A04A-80ECC6EF75A7}.Release|iPhone.Build.0 = Release|Any CPU
		{ACD8EA2F-2DAD-4401-A04A-80ECC6EF75A7}.Release|iPhoneSimulator.ActiveCfg = Release|Any CPU
		{ACD8EA2F-2DAD-4401-A04A-80ECC6EF75A7}.Release|iPhoneSimulator.Build.0 = Release|Any CPU
		{67F9D3A8-F71E-4428-913F-C37AE82CDB24}.Ad-Hoc|Any CPU.ActiveCfg = Release|Any CPU
		{67F9D3A8-F71E-4428-913F-C37AE82CDB24}.Ad-Hoc|Any CPU.Build.0 = Release|Any CPU
		{67F9D3A8-F71E-4428-913F-C37AE82CDB24}.Ad-Hoc|iPhone.ActiveCfg = Release|Any CPU
		{67F9D3A8-F71E-4428-913F-C37AE82CDB24}.Ad-Hoc|iPhone.Build.0 = Release|Any CPU
		{67F9D3A8-F71E-4428-913F-C37AE82CDB24}.Ad-Hoc|iPhoneSimulator.ActiveCfg = Release|Any CPU
		{67F9D3A8-F71E-4428-913F-C37AE82CDB24}.Ad-Hoc|iPhoneSimulator.Build.0 = Release|Any CPU
		{67F9D3A8-F71E-4428-913F-C37AE82CDB24}.AppStore|Any CPU.ActiveCfg = Release|Any CPU
		{67F9D3A8-F71E-4428-913F-C37AE82CDB24}.AppStore|Any CPU.Build.0 = Release|Any CPU
		{67F9D3A8-F71E-4428-913F-C37AE82CDB24}.AppStore|iPhone.ActiveCfg = Release|Any CPU
		{67F9D3A8-F71E-4428-913F-C37AE82CDB24}.AppStore|iPhone.Build.0 = Release|Any CPU
		{67F9D3A8-F71E-4428-913F-C37AE82CDB24}.AppStore|iPhoneSimulator.ActiveCfg = Release|Any CPU
		{67F9D3A8-F71E-4428-913F-C37AE82CDB24}.AppStore|iPhoneSimulator.Build.0 = Release|Any CPU
		{67F9D3A8-F71E-4428-913F-C37AE82CDB24}.Debug|Any CPU.ActiveCfg = Debug|Any CPU
		{67F9D3A8-F71E-4428-913F-C37AE82CDB24}.Debug|Any CPU.Build.0 = Debug|Any CPU
		{67F9D3A8-F71E-4428-913F-C37AE82CDB24}.Debug|iPhone.ActiveCfg = Debug|Any CPU
		{67F9D3A8-F71E-4428-913F-C37AE82CDB24}.Debug|iPhone.Build.0 = Debug|Any CPU
		{67F9D3A8-F71E-4428-913F-C37AE82CDB24}.Debug|iPhoneSimulator.ActiveCfg = Debug|Any CPU
		{67F9D3A8-F71E-4428-913F-C37AE82CDB24}.Debug|iPhoneSimulator.Build.0 = Debug|Any CPU
		{67F9D3A8-F71E-4428-913F-C37AE82CDB24}.Release|Any CPU.ActiveCfg = Release|Any CPU
		{67F9D3A8-F71E-4428-913F-C37AE82CDB24}.Release|Any CPU.Build.0 = Release|Any CPU
		{67F9D3A8-F71E-4428-913F-C37AE82CDB24}.Release|iPhone.ActiveCfg = Release|Any CPU
		{67F9D3A8-F71E-4428-913F-C37AE82CDB24}.Release|iPhone.Build.0 = Release|Any CPU
		{67F9D3A8-F71E-4428-913F-C37AE82CDB24}.Release|iPhoneSimulator.ActiveCfg = Release|Any CPU
		{67F9D3A8-F71E-4428-913F-C37AE82CDB24}.Release|iPhoneSimulator.Build.0 = Release|Any CPU
		{FD8CF5BE-D1D5-4B76-A797-28AC6F06C837}.Ad-Hoc|Any CPU.ActiveCfg = Release|Any CPU
		{FD8CF5BE-D1D5-4B76-A797-28AC6F06C837}.Ad-Hoc|Any CPU.Build.0 = Release|Any CPU
		{FD8CF5BE-D1D5-4B76-A797-28AC6F06C837}.Ad-Hoc|iPhone.ActiveCfg = Release|Any CPU
		{FD8CF5BE-D1D5-4B76-A797-28AC6F06C837}.Ad-Hoc|iPhone.Build.0 = Release|Any CPU
		{FD8CF5BE-D1D5-4B76-A797-28AC6F06C837}.Ad-Hoc|iPhoneSimulator.ActiveCfg = Release|Any CPU
		{FD8CF5BE-D1D5-4B76-A797-28AC6F06C837}.Ad-Hoc|iPhoneSimulator.Build.0 = Release|Any CPU
		{FD8CF5BE-D1D5-4B76-A797-28AC6F06C837}.AppStore|Any CPU.ActiveCfg = Release|Any CPU
		{FD8CF5BE-D1D5-4B76-A797-28AC6F06C837}.AppStore|Any CPU.Build.0 = Release|Any CPU
		{FD8CF5BE-D1D5-4B76-A797-28AC6F06C837}.AppStore|iPhone.ActiveCfg = Release|Any CPU
		{FD8CF5BE-D1D5-4B76-A797-28AC6F06C837}.AppStore|iPhone.Build.0 = Release|Any CPU
		{FD8CF5BE-D1D5-4B76-A797-28AC6F06C837}.AppStore|iPhoneSimulator.ActiveCfg = Release|Any CPU
		{FD8CF5BE-D1D5-4B76-A797-28AC6F06C837}.AppStore|iPhoneSimulator.Build.0 = Release|Any CPU
		{FD8CF5BE-D1D5-4B76-A797-28AC6F06C837}.Debug|Any CPU.ActiveCfg = Debug|Any CPU
		{FD8CF5BE-D1D5-4B76-A797-28AC6F06C837}.Debug|Any CPU.Build.0 = Debug|Any CPU
		{FD8CF5BE-D1D5-4B76-A797-28AC6F06C837}.Debug|iPhone.ActiveCfg = Debug|Any CPU
		{FD8CF5BE-D1D5-4B76-A797-28AC6F06C837}.Debug|iPhone.Build.0 = Debug|Any CPU
		{FD8CF5BE-D1D5-4B76-A797-28AC6F06C837}.Debug|iPhoneSimulator.ActiveCfg = Debug|Any CPU
		{FD8CF5BE-D1D5-4B76-A797-28AC6F06C837}.Debug|iPhoneSimulator.Build.0 = Debug|Any CPU
		{FD8CF5BE-D1D5-4B76-A797-28AC6F06C837}.Release|Any CPU.ActiveCfg = Release|Any CPU
		{FD8CF5BE-D1D5-4B76-A797-28AC6F06C837}.Release|Any CPU.Build.0 = Release|Any CPU
		{FD8CF5BE-D1D5-4B76-A797-28AC6F06C837}.Release|iPhone.ActiveCfg = Release|Any CPU
		{FD8CF5BE-D1D5-4B76-A797-28AC6F06C837}.Release|iPhone.Build.0 = Release|Any CPU
		{FD8CF5BE-D1D5-4B76-A797-28AC6F06C837}.Release|iPhoneSimulator.ActiveCfg = Release|Any CPU
		{FD8CF5BE-D1D5-4B76-A797-28AC6F06C837}.Release|iPhoneSimulator.Build.0 = Release|Any CPU
		{38C25BCF-655C-423C-B85C-216CA0C56FEF}.Ad-Hoc|Any CPU.ActiveCfg = Ad-Hoc|iPhone
		{38C25BCF-655C-423C-B85C-216CA0C56FEF}.Ad-Hoc|iPhone.ActiveCfg = Ad-Hoc|iPhone
		{38C25BCF-655C-423C-B85C-216CA0C56FEF}.Ad-Hoc|iPhone.Build.0 = Ad-Hoc|iPhone
		{38C25BCF-655C-423C-B85C-216CA0C56FEF}.Ad-Hoc|iPhoneSimulator.ActiveCfg = Ad-Hoc|iPhoneSimulator
		{38C25BCF-655C-423C-B85C-216CA0C56FEF}.Ad-Hoc|iPhoneSimulator.Build.0 = Ad-Hoc|iPhoneSimulator
		{38C25BCF-655C-423C-B85C-216CA0C56FEF}.AppStore|Any CPU.ActiveCfg = AppStore|iPhone
		{38C25BCF-655C-423C-B85C-216CA0C56FEF}.AppStore|iPhone.ActiveCfg = AppStore|iPhone
		{38C25BCF-655C-423C-B85C-216CA0C56FEF}.AppStore|iPhone.Build.0 = AppStore|iPhone
		{38C25BCF-655C-423C-B85C-216CA0C56FEF}.AppStore|iPhoneSimulator.ActiveCfg = AppStore|iPhoneSimulator
		{38C25BCF-655C-423C-B85C-216CA0C56FEF}.AppStore|iPhoneSimulator.Build.0 = AppStore|iPhoneSimulator
		{38C25BCF-655C-423C-B85C-216CA0C56FEF}.Debug|Any CPU.ActiveCfg = Debug|iPhone
		{38C25BCF-655C-423C-B85C-216CA0C56FEF}.Debug|iPhone.ActiveCfg = Debug|iPhone
		{38C25BCF-655C-423C-B85C-216CA0C56FEF}.Debug|iPhone.Build.0 = Debug|iPhone
		{38C25BCF-655C-423C-B85C-216CA0C56FEF}.Debug|iPhoneSimulator.ActiveCfg = Debug|iPhoneSimulator
		{38C25BCF-655C-423C-B85C-216CA0C56FEF}.Debug|iPhoneSimulator.Build.0 = Debug|iPhoneSimulator
		{38C25BCF-655C-423C-B85C-216CA0C56FEF}.Release|Any CPU.ActiveCfg = Release|iPhone
		{38C25BCF-655C-423C-B85C-216CA0C56FEF}.Release|iPhone.ActiveCfg = Release|iPhone
		{38C25BCF-655C-423C-B85C-216CA0C56FEF}.Release|iPhone.Build.0 = Release|iPhone
		{38C25BCF-655C-423C-B85C-216CA0C56FEF}.Release|iPhoneSimulator.ActiveCfg = Release|iPhoneSimulator
		{38C25BCF-655C-423C-B85C-216CA0C56FEF}.Release|iPhoneSimulator.Build.0 = Release|iPhoneSimulator
		{C5C6BCEE-6644-4382-9A00-4312452D4683}.Ad-Hoc|Any CPU.ActiveCfg = Release|Any CPU
		{C5C6BCEE-6644-4382-9A00-4312452D4683}.Ad-Hoc|Any CPU.Build.0 = Release|Any CPU
		{C5C6BCEE-6644-4382-9A00-4312452D4683}.Ad-Hoc|iPhone.ActiveCfg = Release|Any CPU
		{C5C6BCEE-6644-4382-9A00-4312452D4683}.Ad-Hoc|iPhone.Build.0 = Release|Any CPU
		{C5C6BCEE-6644-4382-9A00-4312452D4683}.Ad-Hoc|iPhoneSimulator.ActiveCfg = Release|Any CPU
		{C5C6BCEE-6644-4382-9A00-4312452D4683}.Ad-Hoc|iPhoneSimulator.Build.0 = Release|Any CPU
		{C5C6BCEE-6644-4382-9A00-4312452D4683}.AppStore|Any CPU.ActiveCfg = Release|Any CPU
		{C5C6BCEE-6644-4382-9A00-4312452D4683}.AppStore|Any CPU.Build.0 = Release|Any CPU
		{C5C6BCEE-6644-4382-9A00-4312452D4683}.AppStore|iPhone.ActiveCfg = Release|Any CPU
		{C5C6BCEE-6644-4382-9A00-4312452D4683}.AppStore|iPhone.Build.0 = Release|Any CPU
		{C5C6BCEE-6644-4382-9A00-4312452D4683}.AppStore|iPhoneSimulator.ActiveCfg = Release|Any CPU
		{C5C6BCEE-6644-4382-9A00-4312452D4683}.AppStore|iPhoneSimulator.Build.0 = Release|Any CPU
		{C5C6BCEE-6644-4382-9A00-4312452D4683}.Debug|Any CPU.ActiveCfg = Debug|Any CPU
		{C5C6BCEE-6644-4382-9A00-4312452D4683}.Debug|Any CPU.Build.0 = Debug|Any CPU
		{C5C6BCEE-6644-4382-9A00-4312452D4683}.Debug|iPhone.ActiveCfg = Debug|Any CPU
		{C5C6BCEE-6644-4382-9A00-4312452D4683}.Debug|iPhone.Build.0 = Debug|Any CPU
		{C5C6BCEE-6644-4382-9A00-4312452D4683}.Debug|iPhoneSimulator.ActiveCfg = Debug|Any CPU
		{C5C6BCEE-6644-4382-9A00-4312452D4683}.Debug|iPhoneSimulator.Build.0 = Debug|Any CPU
		{C5C6BCEE-6644-4382-9A00-4312452D4683}.Release|Any CPU.ActiveCfg = Release|Any CPU
		{C5C6BCEE-6644-4382-9A00-4312452D4683}.Release|Any CPU.Build.0 = Release|Any CPU
		{C5C6BCEE-6644-4382-9A00-4312452D4683}.Release|iPhone.ActiveCfg = Release|Any CPU
		{C5C6BCEE-6644-4382-9A00-4312452D4683}.Release|iPhone.Build.0 = Release|Any CPU
		{C5C6BCEE-6644-4382-9A00-4312452D4683}.Release|iPhoneSimulator.ActiveCfg = Release|Any CPU
		{C5C6BCEE-6644-4382-9A00-4312452D4683}.Release|iPhoneSimulator.Build.0 = Release|Any CPU
		{AE550252-98A8-4F5B-8D3C-AC2DACE69EC9}.Ad-Hoc|Any CPU.ActiveCfg = Release|Any CPU
		{AE550252-98A8-4F5B-8D3C-AC2DACE69EC9}.Ad-Hoc|Any CPU.Build.0 = Release|Any CPU
		{AE550252-98A8-4F5B-8D3C-AC2DACE69EC9}.Ad-Hoc|iPhone.ActiveCfg = Release|Any CPU
		{AE550252-98A8-4F5B-8D3C-AC2DACE69EC9}.Ad-Hoc|iPhone.Build.0 = Release|Any CPU
		{AE550252-98A8-4F5B-8D3C-AC2DACE69EC9}.Ad-Hoc|iPhoneSimulator.ActiveCfg = Release|Any CPU
		{AE550252-98A8-4F5B-8D3C-AC2DACE69EC9}.Ad-Hoc|iPhoneSimulator.Build.0 = Release|Any CPU
		{AE550252-98A8-4F5B-8D3C-AC2DACE69EC9}.AppStore|Any CPU.ActiveCfg = Release|Any CPU
		{AE550252-98A8-4F5B-8D3C-AC2DACE69EC9}.AppStore|Any CPU.Build.0 = Release|Any CPU
		{AE550252-98A8-4F5B-8D3C-AC2DACE69EC9}.AppStore|iPhone.ActiveCfg = Release|Any CPU
		{AE550252-98A8-4F5B-8D3C-AC2DACE69EC9}.AppStore|iPhone.Build.0 = Release|Any CPU
		{AE550252-98A8-4F5B-8D3C-AC2DACE69EC9}.AppStore|iPhoneSimulator.ActiveCfg = Release|Any CPU
		{AE550252-98A8-4F5B-8D3C-AC2DACE69EC9}.AppStore|iPhoneSimulator.Build.0 = Release|Any CPU
		{AE550252-98A8-4F5B-8D3C-AC2DACE69EC9}.Debug|Any CPU.ActiveCfg = Debug|Any CPU
		{AE550252-98A8-4F5B-8D3C-AC2DACE69EC9}.Debug|Any CPU.Build.0 = Debug|Any CPU
		{AE550252-98A8-4F5B-8D3C-AC2DACE69EC9}.Debug|iPhone.ActiveCfg = Debug|Any CPU
		{AE550252-98A8-4F5B-8D3C-AC2DACE69EC9}.Debug|iPhone.Build.0 = Debug|Any CPU
		{AE550252-98A8-4F5B-8D3C-AC2DACE69EC9}.Debug|iPhoneSimulator.ActiveCfg = Debug|Any CPU
		{AE550252-98A8-4F5B-8D3C-AC2DACE69EC9}.Debug|iPhoneSimulator.Build.0 = Debug|Any CPU
		{AE550252-98A8-4F5B-8D3C-AC2DACE69EC9}.Release|Any CPU.ActiveCfg = Release|Any CPU
		{AE550252-98A8-4F5B-8D3C-AC2DACE69EC9}.Release|Any CPU.Build.0 = Release|Any CPU
		{AE550252-98A8-4F5B-8D3C-AC2DACE69EC9}.Release|iPhone.ActiveCfg = Release|Any CPU
		{AE550252-98A8-4F5B-8D3C-AC2DACE69EC9}.Release|iPhone.Build.0 = Release|Any CPU
		{AE550252-98A8-4F5B-8D3C-AC2DACE69EC9}.Release|iPhoneSimulator.ActiveCfg = Release|Any CPU
		{AE550252-98A8-4F5B-8D3C-AC2DACE69EC9}.Release|iPhoneSimulator.Build.0 = Release|Any CPU
		{EE91E684-7ACB-4120-BF46-8F56599D5B3F}.Ad-Hoc|Any CPU.ActiveCfg = Release|Any CPU
		{EE91E684-7ACB-4120-BF46-8F56599D5B3F}.Ad-Hoc|Any CPU.Build.0 = Release|Any CPU
		{EE91E684-7ACB-4120-BF46-8F56599D5B3F}.Ad-Hoc|iPhone.ActiveCfg = Release|Any CPU
		{EE91E684-7ACB-4120-BF46-8F56599D5B3F}.Ad-Hoc|iPhone.Build.0 = Release|Any CPU
		{EE91E684-7ACB-4120-BF46-8F56599D5B3F}.Ad-Hoc|iPhoneSimulator.ActiveCfg = Release|Any CPU
		{EE91E684-7ACB-4120-BF46-8F56599D5B3F}.Ad-Hoc|iPhoneSimulator.Build.0 = Release|Any CPU
		{EE91E684-7ACB-4120-BF46-8F56599D5B3F}.AppStore|Any CPU.ActiveCfg = Release|Any CPU
		{EE91E684-7ACB-4120-BF46-8F56599D5B3F}.AppStore|Any CPU.Build.0 = Release|Any CPU
		{EE91E684-7ACB-4120-BF46-8F56599D5B3F}.AppStore|iPhone.ActiveCfg = Release|Any CPU
		{EE91E684-7ACB-4120-BF46-8F56599D5B3F}.AppStore|iPhone.Build.0 = Release|Any CPU
		{EE91E684-7ACB-4120-BF46-8F56599D5B3F}.AppStore|iPhoneSimulator.ActiveCfg = Release|Any CPU
		{EE91E684-7ACB-4120-BF46-8F56599D5B3F}.AppStore|iPhoneSimulator.Build.0 = Release|Any CPU
		{EE91E684-7ACB-4120-BF46-8F56599D5B3F}.Debug|Any CPU.ActiveCfg = Debug|Any CPU
		{EE91E684-7ACB-4120-BF46-8F56599D5B3F}.Debug|Any CPU.Build.0 = Debug|Any CPU
		{EE91E684-7ACB-4120-BF46-8F56599D5B3F}.Debug|iPhone.ActiveCfg = Debug|Any CPU
		{EE91E684-7ACB-4120-BF46-8F56599D5B3F}.Debug|iPhone.Build.0 = Debug|Any CPU
		{EE91E684-7ACB-4120-BF46-8F56599D5B3F}.Debug|iPhoneSimulator.ActiveCfg = Debug|Any CPU
		{EE91E684-7ACB-4120-BF46-8F56599D5B3F}.Debug|iPhoneSimulator.Build.0 = Debug|Any CPU
		{EE91E684-7ACB-4120-BF46-8F56599D5B3F}.Release|Any CPU.ActiveCfg = Release|Any CPU
		{EE91E684-7ACB-4120-BF46-8F56599D5B3F}.Release|Any CPU.Build.0 = Release|Any CPU
		{EE91E684-7ACB-4120-BF46-8F56599D5B3F}.Release|iPhone.ActiveCfg = Release|Any CPU
		{EE91E684-7ACB-4120-BF46-8F56599D5B3F}.Release|iPhone.Build.0 = Release|Any CPU
		{EE91E684-7ACB-4120-BF46-8F56599D5B3F}.Release|iPhoneSimulator.ActiveCfg = Release|Any CPU
		{EE91E684-7ACB-4120-BF46-8F56599D5B3F}.Release|iPhoneSimulator.Build.0 = Release|Any CPU
	EndGlobalSection
	GlobalSection(SolutionProperties) = preSolution
		HideSolutionNode = FALSE
	EndGlobalSection
	GlobalSection(NestedProjects) = preSolution
		{001A5B71-150D-4BC5-94C8-B0270A95AE29} = {153B722A-B3BD-442C-8B82-89D0F57A3AE8}
		{2ACC3355-C4FE-41F8-9EF1-58692A500631} = {B44C4A58-45E7-4F9B-8A26-34CAB571A1FC}
		{ACD8EA2F-2DAD-4401-A04A-80ECC6EF75A7} = {B44C4A58-45E7-4F9B-8A26-34CAB571A1FC}
		{67F9D3A8-F71E-4428-913F-C37AE82CDB24} = {2B9AEB65-6D8C-41A7-BADC-5474B0B7CA7B}
		{FD8CF5BE-D1D5-4B76-A797-28AC6F06C837} = {2B9AEB65-6D8C-41A7-BADC-5474B0B7CA7B}
		{CB1C5900-68E3-460D-9C33-7AB82844377B} = {B44C4A58-45E7-4F9B-8A26-34CAB571A1FC}
		{153B722A-B3BD-442C-8B82-89D0F57A3AE8} = {CB1C5900-68E3-460D-9C33-7AB82844377B}
		{C5C6BCEE-6644-4382-9A00-4312452D4683} = {670C1768-8591-4684-B2E2-067A5D17451C}
		{670C1768-8591-4684-B2E2-067A5D17451C} = {CB1C5900-68E3-460D-9C33-7AB82844377B}
		{AE550252-98A8-4F5B-8D3C-AC2DACE69EC9} = {B44C4A58-45E7-4F9B-8A26-34CAB571A1FC}
		{EE91E684-7ACB-4120-BF46-8F56599D5B3F} = {670C1768-8591-4684-B2E2-067A5D17451C}
	EndGlobalSection
EndGlobal
